
Microsoft Visual Studio Solution File, Format Version 12.00
# Visual Studio Version 16
VisualStudioVersion = 16.0.30128.74
MinimumVisualStudioVersion = 10.0.40219.1
Project("{FAE04EC0-301F-11D3-BF4B-00C04F79EFBC}") = "DapperEFTest", "DapperEFTest\DapperEFTest.csproj", "{951074EA-72B0-46FD-A87F-C01EE751D0D4}"
EndProject
Global
	GlobalSection(SolutionConfigurationPlatforms) = preSolution
		Debug|Any CPU = Debug|Any CPU
		Release|Any CPU = Release|Any CPU
	EndGlobalSection
	GlobalSection(ProjectConfigurationPlatforms) = postSolution
		{951074EA-72B0-46FD-A87F-C01EE751D0D4}.Debug|Any CPU.ActiveCfg = Debug|Any CPU
		{951074EA-72B0-46FD-A87F-C01EE751D0D4}.Debug|Any CPU.Build.0 = Debug|Any CPU
		{951074EA-72B0-46FD-A87F-C01EE751D0D4}.Release|Any CPU.ActiveCfg = Release|Any CPU
		{951074EA-72B0-46FD-A87F-C01EE751D0D4}.Release|Any CPU.Build.0 = Release|Any CPU
	EndGlobalSection
	GlobalSection(SolutionProperties) = preSolution
		HideSolutionNode = FALSE
	EndGlobalSection
	GlobalSection(ExtensibilityGlobals) = postSolution
		SolutionGuid = {263DA4FF-1D71-46B2-A5B0-E2A4ED7FEAF0}
	EndGlobalSection
EndGlobal
